
Microsoft Visual Studio Solution File, Format Version 12.00
# Visual Studio 14
VisualStudioVersion = 14.0.25420.1
MinimumVisualStudioVersion = 10.0.40219.1
Project("{8BC9CEB8-8B4A-11D0-8D11-00A0C91BC942}") = "BeyondDesk", "BeyondDesk.vcxproj", "{EAC01EAD-382D-4D4E-B47A-7A6724D7E57E}"
EndProject
Project("{8BC9CEB8-8B4A-11D0-8D11-00A0C91BC942}") = "DuiLib", "..\[Common]\DuiLib\DuiLib.vcxproj", "{E106ACD7-4E53-4AEE-942B-D0DD426DB34E}"
EndProject
Project("{8BC9CEB8-8B4A-11D0-8D11-00A0C91BC942}") = "Utility", "..\[Common]\Utility\Utility.vcxproj", "{331D4BB9-13FF-40BE-A30F-DCBC5A80488B}"
EndProject
Project("{8BC9CEB8-8B4A-11D0-8D11-00A0C91BC942}") = "Clock", "Plugins\PlugClock\Clock.vcxproj", "{FBA96169-525B-45EB-82E1-4FEBE71C5999}"
EndProject
Project("{8BC9CEB8-8B4A-11D0-8D11-00A0C91BC942}") = "DigiClock", "Plugins\PlugDigiClock\DigiClock.vcxproj", "{A3C5AC8C-3502-45F9-8D45-A17D527B58B5}"
EndProject
Project("{8BC9CEB8-8B4A-11D0-8D11-00A0C91BC942}") = "Volume", "..\[Common]\Volume\Volume.vcxproj", "{1AE31FEB-F858-4BE4-A8E8-12A06B957548}"
EndProject
Project("{8BC9CEB8-8B4A-11D0-8D11-00A0C91BC942}") = "Ras", "..\[Common]\Ras\Ras.vcxproj", "{CDF8E189-ADA1-477E-A167-7735D17AAB9E}"
EndProject
Project("{8BC9CEB8-8B4A-11D0-8D11-00A0C91BC942}") = "SndPlay", "..\[Common]\SndPlay\SndPlay.vcxproj", "{BC420908-8A29-4EFC-A4BB-257B5CF66ADB}"
EndProject
Project("{8BC9CEB8-8B4A-11D0-8D11-00A0C91BC942}") = "History", "Plugins\PlugHistory\History.vcxproj", "{3EC8B3C6-9CBF-4B66-A4F5-6CAC416D181F}"
EndProject
Project("{8BC9CEB8-8B4A-11D0-8D11-00A0C91BC942}") = "Xml", "..\[Common]\Xml\Xml.vcxproj", "{7C2FFA66-9269-40B6-8B6A-A7CD436DBAC1}"
EndProject
Project("{8BC9CEB8-8B4A-11D0-8D11-00A0C91BC942}") = "CartClock", "Plugins\PlugCartClock\CartClock.vcxproj", "{F426EF44-B061-41AB-A0D6-FABE74BF2F65}"
EndProject
Project("{2150E333-8FDC-42A3-9474-1A3956D46DE8}") = "Plugins", "Plugins", "{2E503FDC-08F7-4737-A399-4A7D3E7621A0}"
EndProject
Project("{2150E333-8FDC-42A3-9474-1A3956D46DE8}") = "DLL", "DLL", "{83B36DF5-6F4C-4213-98A7-08285EDD64DB}"
EndProject
Project("{2150E333-8FDC-42A3-9474-1A3956D46DE8}") = "Common", "Common", "{640F9620-FACC-4672-AA64-0B8136C5BF80}"
	ProjectSection(SolutionItems) = preProject
		Plugins\Common\DeskWnd.cpp = Plugins\Common\DeskWnd.cpp
		Plugins\Common\DeskWnd.h = Plugins\Common\DeskWnd.h
		Plugins\Common\DeskWndCfg.cpp = Plugins\Common\DeskWndCfg.cpp
		Plugins\Common\DeskWndCfg.h = Plugins\Common\DeskWndCfg.h
		Plugins\Common\ITasker.cpp = Plugins\Common\ITasker.cpp
		Plugins\Common\ITasker.h = Plugins\Common\ITasker.h
		Plugins\Common\TaskerFactory.cpp = Plugins\Common\TaskerFactory.cpp
		Plugins\Common\TaskerFactory.h = Plugins\Common\TaskerFactory.h
	EndProjectSection
EndProject
Project("{8BC9CEB8-8B4A-11D0-8D11-00A0C91BC942}") = "TimeSync", "..\[Common]\TimeSync\TimeSync.vcxproj", "{F9F3FA36-8F9B-41C2-9038-6F34F2168B2E}"
EndProject
Project("{8BC9CEB8-8B4A-11D0-8D11-00A0C91BC942}") = "TimeSync", "Plugins\PlugTimeSync\TimeSync.vcxproj", "{5FD4D6EA-5823-4B0D-91E5-8ED558927C2F}"
EndProject
Project("{8BC9CEB8-8B4A-11D0-8D11-00A0C91BC942}") = "DateCalc", "Plugins\PlugDateCalc\DateCalc.vcxproj", "{9AD83645-3CC4-40D6-918E-224A0100C724}"
EndProject
Project("{8BC9CEB8-8B4A-11D0-8D11-00A0C91BC942}") = "WorldTime", "Plugins\PlugWorldTime\WorldTime.vcxproj", "{1C035175-534C-48D3-BEF4-F0305857EB6C}"
EndProject
Project("{8BC9CEB8-8B4A-11D0-8D11-00A0C91BC942}") = "HotKey", "..\[Common]\HotKey\HotKey.vcxproj", "{651F5FA4-FB91-4627-B24D-3043174364AA}"
	ProjectSection(ProjectDependencies) = postProject
		{331D4BB9-13FF-40BE-A30F-DCBC5A80488B} = {331D4BB9-13FF-40BE-A30F-DCBC5A80488B}
	EndProjectSection
EndProject
Project("{8BC9CEB8-8B4A-11D0-8D11-00A0C91BC942}") = "Weather", "Plugins\PlugWeather\Weather.vcxproj", "{29E1B604-BD72-4FC7-9048-73F5AB1BB8B2}"
EndProject
Project("{8BC9CEB8-8B4A-11D0-8D11-00A0C91BC942}") = "CamRec", "Plugins\PlugCamRec\CamRec.vcxproj", "{1C351EED-0853-4A3F-AA3F-80E33F4BEA85}"
EndProject
Project("{8BC9CEB8-8B4A-11D0-8D11-00A0C91BC942}") = "MicRec", "Plugins\PlugMicRec\MicRec.vcxproj", "{38939CBC-571B-4BB5-B8DB-A6B4D91CCBAF}"
EndProject
Project("{8BC9CEB8-8B4A-11D0-8D11-00A0C91BC942}") = "ScrRec", "Plugins\PlugScrRec\ScrRec.vcxproj", "{B9F15C3A-4BC0-429F-B34A-786FBB3C5AF6}"
EndProject
Project("{8BC9CEB8-8B4A-11D0-8D11-00A0C91BC942}") = "ScrCap", "Plugins\PlugScrCap\ScrCap.vcxproj", "{F13F9A8F-4EA3-45DA-8F84-DEA1C07C80A2}"
EndProject
Project("{8BC9CEB8-8B4A-11D0-8D11-00A0C91BC942}") = "Cal", "Plugins\PlugCal\Cal.vcxproj", "{DFCD8286-AC0A-4649-9C75-62580D024DF1}"
EndProject
Project("{8BC9CEB8-8B4A-11D0-8D11-00A0C91BC942}") = "HTCClk", "Plugins\PlugHTCClock\HTCClk.vcxproj", "{C123A185-7D67-4B29-8E6E-FAA06E81F187}"
EndProject
Project("{8BC9CEB8-8B4A-11D0-8D11-00A0C91BC942}") = "MetroClk", "Plugins\PlugMetroClock\MetroClk.vcxproj", "{F31A7EC8-6263-4447-8A2B-4A670C911E02}"
EndProject
Project("{8BC9CEB8-8B4A-11D0-8D11-00A0C91BC942}") = "Note", "Plugins\PlugNote\Note.vcxproj", "{A2BAC8D4-EF64-424F-B759-404B22336DE8}"
EndProject
Project("{8BC9CEB8-8B4A-11D0-8D11-00A0C91BC942}") = "Boot", "Plugins\PlugBoot\Boot.vcxproj", "{BB9F50FC-2D0B-45A5-8879-A04BD33E4833}"
EndProject
Project("{8BC9CEB8-8B4A-11D0-8D11-00A0C91BC942}") = "Http", "..\[Common]\Http\Http.vcxproj", "{D5A706E8-E7AD-4E29-9FAE-6896686E3847}"
	ProjectSection(ProjectDependencies) = postProject
		{F3A3CF0F-7792-4C59-841D-D0BF518E41C6} = {F3A3CF0F-7792-4C59-841D-D0BF518E41C6}
	EndProjectSection
EndProject
Project("{8BC9CEB8-8B4A-11D0-8D11-00A0C91BC942}") = "curl", "..\[Common]\curl\curl.vcxproj", "{F3A3CF0F-7792-4C59-841D-D0BF518E41C6}"
EndProject
Project("{8BC9CEB8-8B4A-11D0-8D11-00A0C91BC942}") = "Todo", "Plugins\PlugTodo\Todo.vcxproj", "{0C5AE329-8BC6-4A1E-9BEE-0F27AEBF3AF8}"
EndProject
Project("{8BC9CEB8-8B4A-11D0-8D11-00A0C91BC942}") = "DeskSch", "Plugins\PlugDeskSch\DeskSch.vcxproj", "{5AC85F71-B37A-4BE8-A0CE-54BD85DF84CC}"
EndProject
Project("{8BC9CEB8-8B4A-11D0-8D11-00A0C91BC942}") = "ZipWrapper", "..\[Common]\ZipWrapper\ZipWrapper.vcxproj", "{374A0A7A-7897-2027-42BC-7FEAF0E3C35E}"
EndProject
Project("{8BC9CEB8-8B4A-11D0-8D11-00A0C91BC942}") = "DeskPic", "Plugins\PlugDeskPic\DeskPic.vcxproj", "{E392A233-F39E-4A24-AF52-CE18966EEF89}"
EndProject
Project("{8BC9CEB8-8B4A-11D0-8D11-00A0C91BC942}") = "DeskFeast", "Plugins\PlugDeskFeast\DeskFeast.vcxproj", "{9B96EC94-4EA7-455B-A4A7-2D0229CFCE58}"
EndProject
Project("{8BC9CEB8-8B4A-11D0-8D11-00A0C91BC942}") = "DeskCount", "Plugins\PlugDeskCount\DeskCount.vcxproj", "{842EAC1C-CD8F-4EBC-B2D9-72EE49F5D84B}"
EndProject
Project("{8BC9CEB8-8B4A-11D0-8D11-00A0C91BC942}") = "DeskCountTime", "Plugins\PlugDeskCountTime\DeskCountTime.vcxproj", "{7C2184CE-73C5-4DDC-9883-0051455BAA6C}"
EndProject
Project("{8BC9CEB8-8B4A-11D0-8D11-00A0C91BC942}") = "LogHelper", "..\[Common]\LogHelper\LogHelper.vcxproj", "{EDCAD759-32E6-4795-AB02-E3A5CB63DD8F}"
EndProject
Project("{8BC9CEB8-8B4A-11D0-8D11-00A0C91BC942}") = "Base", "..\[Common]\Base\Base.vcxproj", "{916C2348-3123-4D26-ACB3-456078683DC9}"
EndProject
Global
	GlobalSection(SolutionConfigurationPlatforms) = preSolution
		Debug|Win32 = Debug|Win32
		Debug|x64 = Debug|x64
		Release|Win32 = Release|Win32
		Release|x64 = Release|x64
	EndGlobalSection
	GlobalSection(ProjectConfigurationPlatforms) = postSolution
		{EAC01EAD-382D-4D4E-B47A-7A6724D7E57E}.Debug|Win32.ActiveCfg = Debug|Win32
		{EAC01EAD-382D-4D4E-B47A-7A6724D7E57E}.Debug|Win32.Build.0 = Debug|Win32
		{EAC01EAD-382D-4D4E-B47A-7A6724D7E57E}.Debug|x64.ActiveCfg = Debug|x64
		{EAC01EAD-382D-4D4E-B47A-7A6724D7E57E}.Release|Win32.ActiveCfg = Release|Win32
		{EAC01EAD-382D-4D4E-B47A-7A6724D7E57E}.Release|Win32.Build.0 = Release|Win32
		{EAC01EAD-382D-4D4E-B47A-7A6724D7E57E}.Release|x64.ActiveCfg = Release|Win32
		{E106ACD7-4E53-4AEE-942B-D0DD426DB34E}.Debug|Win32.ActiveCfg = Debug|Win32
		{E106ACD7-4E53-4AEE-942B-D0DD426DB34E}.Debug|Win32.Build.0 = Debug|Win32
		{E106ACD7-4E53-4AEE-942B-D0DD426DB34E}.Debug|x64.ActiveCfg = Debug|x64
		{E106ACD7-4E53-4AEE-942B-D0DD426DB34E}.Release|Win32.ActiveCfg = Release|Win32
		{E106ACD7-4E53-4AEE-942B-D0DD426DB34E}.Release|Win32.Build.0 = Release|Win32
		{E106ACD7-4E53-4AEE-942B-D0DD426DB34E}.Release|x64.ActiveCfg = Release|Win32
		{331D4BB9-13FF-40BE-A30F-DCBC5A80488B}.Debug|Win32.ActiveCfg = Debug|Win32
		{331D4BB9-13FF-40BE-A30F-DCBC5A80488B}.Debug|Win32.Build.0 = Debug|Win32
		{331D4BB9-13FF-40BE-A30F-DCBC5A80488B}.Debug|x64.ActiveCfg = Debug|x64
		{331D4BB9-13FF-40BE-A30F-DCBC5A80488B}.Release|Win32.ActiveCfg = Release|Win32
		{331D4BB9-13FF-40BE-A30F-DCBC5A80488B}.Release|Win32.Build.0 = Release|Win32
		{331D4BB9-13FF-40BE-A30F-DCBC5A80488B}.Release|x64.ActiveCfg = Release|Win32
		{FBA96169-525B-45EB-82E1-4FEBE71C5999}.Debug|Win32.ActiveCfg = Debug|Win32
		{FBA96169-525B-45EB-82E1-4FEBE71C5999}.Debug|Win32.Build.0 = Debug|Win32
		{FBA96169-525B-45EB-82E1-4FEBE71C5999}.Debug|x64.ActiveCfg = Debug|Win32
		{FBA96169-525B-45EB-82E1-4FEBE71C5999}.Release|Win32.ActiveCfg = Release|Win32
		{FBA96169-525B-45EB-82E1-4FEBE71C5999}.Release|Win32.Build.0 = Release|Win32
		{FBA96169-525B-45EB-82E1-4FEBE71C5999}.Release|x64.ActiveCfg = Release|Win32
		{A3C5AC8C-3502-45F9-8D45-A17D527B58B5}.Debug|Win32.ActiveCfg = Debug|Win32
		{A3C5AC8C-3502-45F9-8D45-A17D527B58B5}.Debug|Win32.Build.0 = Debug|Win32
		{A3C5AC8C-3502-45F9-8D45-A17D527B58B5}.Debug|x64.ActiveCfg = Debug|Win32
		{A3C5AC8C-3502-45F9-8D45-A17D527B58B5}.Release|Win32.ActiveCfg = Release|Win32
		{A3C5AC8C-3502-45F9-8D45-A17D527B58B5}.Release|Win32.Build.0 = Release|Win32
		{A3C5AC8C-3502-45F9-8D45-A17D527B58B5}.Release|x64.ActiveCfg = Release|Win32
		{1AE31FEB-F858-4BE4-A8E8-12A06B957548}.Debug|Win32.ActiveCfg = Debug|Win32
		{1AE31FEB-F858-4BE4-A8E8-12A06B957548}.Debug|Win32.Build.0 = Debug|Win32
		{1AE31FEB-F858-4BE4-A8E8-12A06B957548}.Debug|x64.ActiveCfg = Debug|Win32
		{1AE31FEB-F858-4BE4-A8E8-12A06B957548}.Release|Win32.ActiveCfg = Release|Win32
		{1AE31FEB-F858-4BE4-A8E8-12A06B957548}.Release|Win32.Build.0 = Release|Win32
		{1AE31FEB-F858-4BE4-A8E8-12A06B957548}.Release|x64.ActiveCfg = Release|Win32
		{CDF8E189-ADA1-477E-A167-7735D17AAB9E}.Debug|Win32.ActiveCfg = Debug|Win32
		{CDF8E189-ADA1-477E-A167-7735D17AAB9E}.Debug|Win32.Build.0 = Debug|Win32
		{CDF8E189-ADA1-477E-A167-7735D17AAB9E}.Debug|x64.ActiveCfg = Debug|Win32
		{CDF8E189-ADA1-477E-A167-7735D17AAB9E}.Release|Win32.ActiveCfg = Release|Win32
		{CDF8E189-ADA1-477E-A167-7735D17AAB9E}.Release|Win32.Build.0 = Release|Win32
		{CDF8E189-ADA1-477E-A167-7735D17AAB9E}.Release|x64.ActiveCfg = Release|Win32
		{BC420908-8A29-4EFC-A4BB-257B5CF66ADB}.Debug|Win32.ActiveCfg = Debug|Win32
		{BC420908-8A29-4EFC-A4BB-257B5CF66ADB}.Debug|Win32.Build.0 = Debug|Win32
		{BC420908-8A29-4EFC-A4BB-257B5CF66ADB}.Debug|x64.ActiveCfg = Debug|Win32
		{BC420908-8A29-4EFC-A4BB-257B5CF66ADB}.Release|Win32.ActiveCfg = Release|Win32
		{BC420908-8A29-4EFC-A4BB-257B5CF66ADB}.Release|Win32.Build.0 = Release|Win32
		{BC420908-8A29-4EFC-A4BB-257B5CF66ADB}.Release|x64.ActiveCfg = Release|Win32
		{3EC8B3C6-9CBF-4B66-A4F5-6CAC416D181F}.Debug|Win32.ActiveCfg = Debug|Win32
		{3EC8B3C6-9CBF-4B66-A4F5-6CAC416D181F}.Debug|Win32.Build.0 = Debug|Win32
		{3EC8B3C6-9CBF-4B66-A4F5-6CAC416D181F}.Debug|x64.ActiveCfg = Debug|Win32
		{3EC8B3C6-9CBF-4B66-A4F5-6CAC416D181F}.Release|Win32.ActiveCfg = Release|Win32
		{3EC8B3C6-9CBF-4B66-A4F5-6CAC416D181F}.Release|Win32.Build.0 = Release|Win32
		{3EC8B3C6-9CBF-4B66-A4F5-6CAC416D181F}.Release|x64.ActiveCfg = Release|Win32
		{7C2FFA66-9269-40B6-8B6A-A7CD436DBAC1}.Debug|Win32.ActiveCfg = Debug|Win32
		{7C2FFA66-9269-40B6-8B6A-A7CD436DBAC1}.Debug|Win32.Build.0 = Debug|Win32
		{7C2FFA66-9269-40B6-8B6A-A7CD436DBAC1}.Debug|x64.ActiveCfg = Debug|Win32
		{7C2FFA66-9269-40B6-8B6A-A7CD436DBAC1}.Release|Win32.ActiveCfg = Release|Win32
		{7C2FFA66-9269-40B6-8B6A-A7CD436DBAC1}.Release|Win32.Build.0 = Release|Win32
		{7C2FFA66-9269-40B6-8B6A-A7CD436DBAC1}.Release|x64.ActiveCfg = Release|Win32
		{F426EF44-B061-41AB-A0D6-FABE74BF2F65}.Debug|Win32.ActiveCfg = Debug|Win32
		{F426EF44-B061-41AB-A0D6-FABE74BF2F65}.Debug|Win32.Build.0 = Debug|Win32
		{F426EF44-B061-41AB-A0D6-FABE74BF2F65}.Debug|x64.ActiveCfg = Debug|Win32
		{F426EF44-B061-41AB-A0D6-FABE74BF2F65}.Release|Win32.ActiveCfg = Release|Win32
		{F426EF44-B061-41AB-A0D6-FABE74BF2F65}.Release|Win32.Build.0 = Release|Win32
		{F426EF44-B061-41AB-A0D6-FABE74BF2F65}.Release|x64.ActiveCfg = Release|Win32
		{F9F3FA36-8F9B-41C2-9038-6F34F2168B2E}.Debug|Win32.ActiveCfg = Debug|Win32
		{F9F3FA36-8F9B-41C2-9038-6F34F2168B2E}.Debug|Win32.Build.0 = Debug|Win32
		{F9F3FA36-8F9B-41C2-9038-6F34F2168B2E}.Debug|x64.ActiveCfg = Debug|Win32
		{F9F3FA36-8F9B-41C2-9038-6F34F2168B2E}.Release|Win32.ActiveCfg = Release|Win32
		{F9F3FA36-8F9B-41C2-9038-6F34F2168B2E}.Release|Win32.Build.0 = Release|Win32
		{F9F3FA36-8F9B-41C2-9038-6F34F2168B2E}.Release|x64.ActiveCfg = Release|Win32
		{5FD4D6EA-5823-4B0D-91E5-8ED558927C2F}.Debug|Win32.ActiveCfg = Debug|Win32
		{5FD4D6EA-5823-4B0D-91E5-8ED558927C2F}.Debug|Win32.Build.0 = Debug|Win32
		{5FD4D6EA-5823-4B0D-91E5-8ED558927C2F}.Debug|x64.ActiveCfg = Debug|Win32
		{5FD4D6EA-5823-4B0D-91E5-8ED558927C2F}.Release|Win32.ActiveCfg = Release|Win32
		{5FD4D6EA-5823-4B0D-91E5-8ED558927C2F}.Release|Win32.Build.0 = Release|Win32
		{5FD4D6EA-5823-4B0D-91E5-8ED558927C2F}.Release|x64.ActiveCfg = Release|Win32
		{9AD83645-3CC4-40D6-918E-224A0100C724}.Debug|Win32.ActiveCfg = Debug|Win32
		{9AD83645-3CC4-40D6-918E-224A0100C724}.Debug|Win32.Build.0 = Debug|Win32
		{9AD83645-3CC4-40D6-918E-224A0100C724}.Debug|x64.ActiveCfg = Debug|Win32
		{9AD83645-3CC4-40D6-918E-224A0100C724}.Release|Win32.ActiveCfg = Release|Win32
		{9AD83645-3CC4-40D6-918E-224A0100C724}.Release|Win32.Build.0 = Release|Win32
		{9AD83645-3CC4-40D6-918E-224A0100C724}.Release|x64.ActiveCfg = Release|Win32
		{1C035175-534C-48D3-BEF4-F0305857EB6C}.Debug|Win32.ActiveCfg = Debug|Win32
		{1C035175-534C-48D3-BEF4-F0305857EB6C}.Debug|Win32.Build.0 = Debug|Win32
		{1C035175-534C-48D3-BEF4-F0305857EB6C}.Debug|x64.ActiveCfg = Debug|Win32
		{1C035175-534C-48D3-BEF4-F0305857EB6C}.Release|Win32.ActiveCfg = Release|Win32
		{1C035175-534C-48D3-BEF4-F0305857EB6C}.Release|Win32.Build.0 = Release|Win32
		{1C035175-534C-48D3-BEF4-F0305857EB6C}.Release|x64.ActiveCfg = Release|Win32
		{651F5FA4-FB91-4627-B24D-3043174364AA}.Debug|Win32.ActiveCfg = Debug|Win32
		{651F5FA4-FB91-4627-B24D-3043174364AA}.Debug|Win32.Build.0 = Debug|Win32
		{651F5FA4-FB91-4627-B24D-3043174364AA}.Debug|x64.ActiveCfg = Debug|x64
		{651F5FA4-FB91-4627-B24D-3043174364AA}.Release|Win32.ActiveCfg = Release|Win32
		{651F5FA4-FB91-4627-B24D-3043174364AA}.Release|Win32.Build.0 = Release|Win32
		{651F5FA4-FB91-4627-B24D-3043174364AA}.Release|x64.ActiveCfg = Release|Win32
		{29E1B604-BD72-4FC7-9048-73F5AB1BB8B2}.Debug|Win32.ActiveCfg = Debug|Win32
		{29E1B604-BD72-4FC7-9048-73F5AB1BB8B2}.Debug|Win32.Build.0 = Debug|Win32
		{29E1B604-BD72-4FC7-9048-73F5AB1BB8B2}.Debug|x64.ActiveCfg = Debug|Win32
		{29E1B604-BD72-4FC7-9048-73F5AB1BB8B2}.Release|Win32.ActiveCfg = Release|Win32
		{29E1B604-BD72-4FC7-9048-73F5AB1BB8B2}.Release|Win32.Build.0 = Release|Win32
		{29E1B604-BD72-4FC7-9048-73F5AB1BB8B2}.Release|x64.ActiveCfg = Release|Win32
		{1C351EED-0853-4A3F-AA3F-80E33F4BEA85}.Debug|Win32.ActiveCfg = Debug|Win32
		{1C351EED-0853-4A3F-AA3F-80E33F4BEA85}.Debug|Win32.Build.0 = Debug|Win32
		{1C351EED-0853-4A3F-AA3F-80E33F4BEA85}.Debug|x64.ActiveCfg = Debug|Win32
		{1C351EED-0853-4A3F-AA3F-80E33F4BEA85}.Release|Win32.ActiveCfg = Release|Win32
		{1C351EED-0853-4A3F-AA3F-80E33F4BEA85}.Release|Win32.Build.0 = Release|Win32
		{1C351EED-0853-4A3F-AA3F-80E33F4BEA85}.Release|x64.ActiveCfg = Release|Win32
		{38939CBC-571B-4BB5-B8DB-A6B4D91CCBAF}.Debug|Win32.ActiveCfg = Debug|Win32
		{38939CBC-571B-4BB5-B8DB-A6B4D91CCBAF}.Debug|Win32.Build.0 = Debug|Win32
		{38939CBC-571B-4BB5-B8DB-A6B4D91CCBAF}.Debug|x64.ActiveCfg = Debug|Win32
		{38939CBC-571B-4BB5-B8DB-A6B4D91CCBAF}.Release|Win32.ActiveCfg = Release|Win32
		{38939CBC-571B-4BB5-B8DB-A6B4D91CCBAF}.Release|Win32.Build.0 = Release|Win32
		{38939CBC-571B-4BB5-B8DB-A6B4D91CCBAF}.Release|x64.ActiveCfg = Release|Win32
		{B9F15C3A-4BC0-429F-B34A-786FBB3C5AF6}.Debug|Win32.ActiveCfg = Debug|Win32
		{B9F15C3A-4BC0-429F-B34A-786FBB3C5AF6}.Debug|Win32.Build.0 = Debug|Win32
		{B9F15C3A-4BC0-429F-B34A-786FBB3C5AF6}.Debug|x64.ActiveCfg = Debug|Win32
		{B9F15C3A-4BC0-429F-B34A-786FBB3C5AF6}.Release|Win32.ActiveCfg = Release|Win32
		{B9F15C3A-4BC0-429F-B34A-786FBB3C5AF6}.Release|Win32.Build.0 = Release|Win32
		{B9F15C3A-4BC0-429F-B34A-786FBB3C5AF6}.Release|x64.ActiveCfg = Release|Win32
		{F13F9A8F-4EA3-45DA-8F84-DEA1C07C80A2}.Debug|Win32.ActiveCfg = Debug|Win32
		{F13F9A8F-4EA3-45DA-8F84-DEA1C07C80A2}.Debug|Win32.Build.0 = Debug|Win32
		{F13F9A8F-4EA3-45DA-8F84-DEA1C07C80A2}.Debug|x64.ActiveCfg = Debug|Win32
		{F13F9A8F-4EA3-45DA-8F84-DEA1C07C80A2}.Release|Win32.ActiveCfg = Release|Win32
		{F13F9A8F-4EA3-45DA-8F84-DEA1C07C80A2}.Release|Win32.Build.0 = Release|Win32
		{F13F9A8F-4EA3-45DA-8F84-DEA1C07C80A2}.Release|x64.ActiveCfg = Release|Win32
		{DFCD8286-AC0A-4649-9C75-62580D024DF1}.Debug|Win32.ActiveCfg = Debug|Win32
		{DFCD8286-AC0A-4649-9C75-62580D024DF1}.Debug|Win32.Build.0 = Debug|Win32
		{DFCD8286-AC0A-4649-9C75-62580D024DF1}.Debug|x64.ActiveCfg = Debug|Win32
		{DFCD8286-AC0A-4649-9C75-62580D024DF1}.Release|Win32.ActiveCfg = Release|Win32
		{DFCD8286-AC0A-4649-9C75-62580D024DF1}.Release|Win32.Build.0 = Release|Win32
		{DFCD8286-AC0A-4649-9C75-62580D024DF1}.Release|x64.ActiveCfg = Release|Win32
		{C123A185-7D67-4B29-8E6E-FAA06E81F187}.Debug|Win32.ActiveCfg = Debug|Win32
		{C123A185-7D67-4B29-8E6E-FAA06E81F187}.Debug|Win32.Build.0 = Debug|Win32
		{C123A185-7D67-4B29-8E6E-FAA06E81F187}.Debug|x64.ActiveCfg = Debug|Win32
		{C123A185-7D67-4B29-8E6E-FAA06E81F187}.Release|Win32.ActiveCfg = Release|Win32
		{C123A185-7D67-4B29-8E6E-FAA06E81F187}.Release|Win32.Build.0 = Release|Win32
		{C123A185-7D67-4B29-8E6E-FAA06E81F187}.Release|x64.ActiveCfg = Release|Win32
		{F31A7EC8-6263-4447-8A2B-4A670C911E02}.Debug|Win32.ActiveCfg = Debug|Win32
		{F31A7EC8-6263-4447-8A2B-4A670C911E02}.Debug|Win32.Build.0 = Debug|Win32
		{F31A7EC8-6263-4447-8A2B-4A670C911E02}.Debug|x64.ActiveCfg = Debug|Win32
		{F31A7EC8-6263-4447-8A2B-4A670C911E02}.Release|Win32.ActiveCfg = Release|Win32
		{F31A7EC8-6263-4447-8A2B-4A670C911E02}.Release|Win32.Build.0 = Release|Win32
		{F31A7EC8-6263-4447-8A2B-4A670C911E02}.Release|x64.ActiveCfg = Release|Win32
		{A2BAC8D4-EF64-424F-B759-404B22336DE8}.Debug|Win32.ActiveCfg = Debug|Win32
		{A2BAC8D4-EF64-424F-B759-404B22336DE8}.Debug|Win32.Build.0 = Debug|Win32
		{A2BAC8D4-EF64-424F-B759-404B22336DE8}.Debug|x64.ActiveCfg = Debug|Win32
		{A2BAC8D4-EF64-424F-B759-404B22336DE8}.Release|Win32.ActiveCfg = Release|Win32
		{A2BAC8D4-EF64-424F-B759-404B22336DE8}.Release|Win32.Build.0 = Release|Win32
		{A2BAC8D4-EF64-424F-B759-404B22336DE8}.Release|x64.ActiveCfg = Release|Win32
		{BB9F50FC-2D0B-45A5-8879-A04BD33E4833}.Debug|Win32.ActiveCfg = Debug|Win32
		{BB9F50FC-2D0B-45A5-8879-A04BD33E4833}.Debug|Win32.Build.0 = Debug|Win32
		{BB9F50FC-2D0B-45A5-8879-A04BD33E4833}.Debug|x64.ActiveCfg = Debug|Win32
		{BB9F50FC-2D0B-45A5-8879-A04BD33E4833}.Debug|x64.Build.0 = Debug|Win32
		{BB9F50FC-2D0B-45A5-8879-A04BD33E4833}.Release|Win32.ActiveCfg = Release|Win32
		{BB9F50FC-2D0B-45A5-8879-A04BD33E4833}.Release|Win32.Build.0 = Release|Win32
		{BB9F50FC-2D0B-45A5-8879-A04BD33E4833}.Release|x64.ActiveCfg = Release|Win32
		{D5A706E8-E7AD-4E29-9FAE-6896686E3847}.Debug|Win32.ActiveCfg = Debug|Win32
		{D5A706E8-E7AD-4E29-9FAE-6896686E3847}.Debug|Win32.Build.0 = Debug|Win32
		{D5A706E8-E7AD-4E29-9FAE-6896686E3847}.Debug|x64.ActiveCfg = Debug|Win32
		{D5A706E8-E7AD-4E29-9FAE-6896686E3847}.Release|Win32.ActiveCfg = Release|Win32
		{D5A706E8-E7AD-4E29-9FAE-6896686E3847}.Release|Win32.Build.0 = Release|Win32
		{D5A706E8-E7AD-4E29-9FAE-6896686E3847}.Release|x64.ActiveCfg = Release|Win32
		{F3A3CF0F-7792-4C59-841D-D0BF518E41C6}.Debug|Win32.ActiveCfg = Debug|Win32
		{F3A3CF0F-7792-4C59-841D-D0BF518E41C6}.Debug|Win32.Build.0 = Debug|Win32
		{F3A3CF0F-7792-4C59-841D-D0BF518E41C6}.Debug|x64.ActiveCfg = Debug|Win32
		{F3A3CF0F-7792-4C59-841D-D0BF518E41C6}.Release|Win32.ActiveCfg = Release|Win32
		{F3A3CF0F-7792-4C59-841D-D0BF518E41C6}.Release|Win32.Build.0 = Release|Win32
		{F3A3CF0F-7792-4C59-841D-D0BF518E41C6}.Release|x64.ActiveCfg = Release|Win32
		{0C5AE329-8BC6-4A1E-9BEE-0F27AEBF3AF8}.Debug|Win32.ActiveCfg = Debug|Win32
		{0C5AE329-8BC6-4A1E-9BEE-0F27AEBF3AF8}.Debug|Win32.Build.0 = Debug|Win32
		{0C5AE329-8BC6-4A1E-9BEE-0F27AEBF3AF8}.Debug|x64.ActiveCfg = Debug|Win32
		{0C5AE329-8BC6-4A1E-9BEE-0F27AEBF3AF8}.Release|Win32.ActiveCfg = Release|Win32
		{0C5AE329-8BC6-4A1E-9BEE-0F27AEBF3AF8}.Release|Win32.Build.0 = Release|Win32
		{0C5AE329-8BC6-4A1E-9BEE-0F27AEBF3AF8}.Release|x64.ActiveCfg = Release|Win32
		{5AC85F71-B37A-4BE8-A0CE-54BD85DF84CC}.Debug|Win32.ActiveCfg = Debug|Win32
		{5AC85F71-B37A-4BE8-A0CE-54BD85DF84CC}.Debug|Win32.Build.0 = Debug|Win32
		{5AC85F71-B37A-4BE8-A0CE-54BD85DF84CC}.Debug|x64.ActiveCfg = Debug|Win32
		{5AC85F71-B37A-4BE8-A0CE-54BD85DF84CC}.Release|Win32.ActiveCfg = Release|Win32
		{5AC85F71-B37A-4BE8-A0CE-54BD85DF84CC}.Release|Win32.Build.0 = Release|Win32
		{5AC85F71-B37A-4BE8-A0CE-54BD85DF84CC}.Release|x64.ActiveCfg = Release|Win32
		{374A0A7A-7897-2027-42BC-7FEAF0E3C35E}.Debug|Win32.ActiveCfg = Debug|Win32
		{374A0A7A-7897-2027-42BC-7FEAF0E3C35E}.Debug|Win32.Build.0 = Debug|Win32
		{374A0A7A-7897-2027-42BC-7FEAF0E3C35E}.Debug|x64.ActiveCfg = Debug|Win32
		{374A0A7A-7897-2027-42BC-7FEAF0E3C35E}.Release|Win32.ActiveCfg = Release|Win32
		{374A0A7A-7897-2027-42BC-7FEAF0E3C35E}.Release|Win32.Build.0 = Release|Win32
		{374A0A7A-7897-2027-42BC-7FEAF0E3C35E}.Release|x64.ActiveCfg = Release|Win32
		{E392A233-F39E-4A24-AF52-CE18966EEF89}.Debug|Win32.ActiveCfg = Debug|Win32
		{E392A233-F39E-4A24-AF52-CE18966EEF89}.Debug|Win32.Build.0 = Debug|Win32
		{E392A233-F39E-4A24-AF52-CE18966EEF89}.Debug|x64.ActiveCfg = Debug|Win32
		{E392A233-F39E-4A24-AF52-CE18966EEF89}.Release|Win32.ActiveCfg = Release|Win32
		{E392A233-F39E-4A24-AF52-CE18966EEF89}.Release|Win32.Build.0 = Release|Win32
		{E392A233-F39E-4A24-AF52-CE18966EEF89}.Release|x64.ActiveCfg = Release|Win32
		{9B96EC94-4EA7-455B-A4A7-2D0229CFCE58}.Debug|Win32.ActiveCfg = Debug|Win32
		{9B96EC94-4EA7-455B-A4A7-2D0229CFCE58}.Debug|Win32.Build.0 = Debug|Win32
		{9B96EC94-4EA7-455B-A4A7-2D0229CFCE58}.Debug|x64.ActiveCfg = Debug|Win32
		{9B96EC94-4EA7-455B-A4A7-2D0229CFCE58}.Release|Win32.ActiveCfg = Release|Win32
		{9B96EC94-4EA7-455B-A4A7-2D0229CFCE58}.Release|Win32.Build.0 = Release|Win32
		{9B96EC94-4EA7-455B-A4A7-2D0229CFCE58}.Release|x64.ActiveCfg = Release|Win32
		{842EAC1C-CD8F-4EBC-B2D9-72EE49F5D84B}.Debug|Win32.ActiveCfg = Debug|Win32
		{842EAC1C-CD8F-4EBC-B2D9-72EE49F5D84B}.Debug|Win32.Build.0 = Debug|Win32
		{842EAC1C-CD8F-4EBC-B2D9-72EE49F5D84B}.Debug|x64.ActiveCfg = Debug|Win32
		{842EAC1C-CD8F-4EBC-B2D9-72EE49F5D84B}.Release|Win32.ActiveCfg = Release|Win32
		{842EAC1C-CD8F-4EBC-B2D9-72EE49F5D84B}.Release|Win32.Build.0 = Release|Win32
		{842EAC1C-CD8F-4EBC-B2D9-72EE49F5D84B}.Release|x64.ActiveCfg = Release|Win32
		{7C2184CE-73C5-4DDC-9883-0051455BAA6C}.Debug|Win32.ActiveCfg = Debug|Win32
		{7C2184CE-73C5-4DDC-9883-0051455BAA6C}.Debug|Win32.Build.0 = Debug|Win32
		{7C2184CE-73C5-4DDC-9883-0051455BAA6C}.Debug|x64.ActiveCfg = Debug|Win32
		{7C2184CE-73C5-4DDC-9883-0051455BAA6C}.Release|Win32.ActiveCfg = Release|Win32
		{7C2184CE-73C5-4DDC-9883-0051455BAA6C}.Release|Win32.Build.0 = Release|Win32
		{7C2184CE-73C5-4DDC-9883-0051455BAA6C}.Release|x64.ActiveCfg = Release|Win32
		{EDCAD759-32E6-4795-AB02-E3A5CB63DD8F}.Debug|Win32.ActiveCfg = Debug|Win32
		{EDCAD759-32E6-4795-AB02-E3A5CB63DD8F}.Debug|Win32.Build.0 = Debug|Win32
		{EDCAD759-32E6-4795-AB02-E3A5CB63DD8F}.Debug|x64.ActiveCfg = Debug|x64
		{EDCAD759-32E6-4795-AB02-E3A5CB63DD8F}.Debug|x64.Build.0 = Debug|x64
		{EDCAD759-32E6-4795-AB02-E3A5CB63DD8F}.Release|Win32.ActiveCfg = Release|Win32
		{EDCAD759-32E6-4795-AB02-E3A5CB63DD8F}.Release|Win32.Build.0 = Release|Win32
		{EDCAD759-32E6-4795-AB02-E3A5CB63DD8F}.Release|x64.ActiveCfg = Release|x64
		{EDCAD759-32E6-4795-AB02-E3A5CB63DD8F}.Release|x64.Build.0 = Release|x64
		{916C2348-3123-4D26-ACB3-456078683DC9}.Debug|Win32.ActiveCfg = Debug|Win32
		{916C2348-3123-4D26-ACB3-456078683DC9}.Debug|Win32.Build.0 = Debug|Win32
		{916C2348-3123-4D26-ACB3-456078683DC9}.Debug|x64.ActiveCfg = Debug|x64
		{916C2348-3123-4D26-ACB3-456078683DC9}.Debug|x64.Build.0 = Debug|x64
		{916C2348-3123-4D26-ACB3-456078683DC9}.Release|Win32.ActiveCfg = Release|Win32
		{916C2348-3123-4D26-ACB3-456078683DC9}.Release|Win32.Build.0 = Release|Win32
		{916C2348-3123-4D26-ACB3-456078683DC9}.Release|x64.ActiveCfg = Release|x64
		{916C2348-3123-4D26-ACB3-456078683DC9}.Release|x64.Build.0 = Release|x64
	EndGlobalSection
	GlobalSection(SolutionProperties) = preSolution
		HideSolutionNode = FALSE
	EndGlobalSection
	GlobalSection(NestedProjects) = preSolution
		{FBA96169-525B-45EB-82E1-4FEBE71C5999} = {2E503FDC-08F7-4737-A399-4A7D3E7621A0}
		{A3C5AC8C-3502-45F9-8D45-A17D527B58B5} = {2E503FDC-08F7-4737-A399-4A7D3E7621A0}
		{1AE31FEB-F858-4BE4-A8E8-12A06B957548} = {83B36DF5-6F4C-4213-98A7-08285EDD64DB}
		{CDF8E189-ADA1-477E-A167-7735D17AAB9E} = {83B36DF5-6F4C-4213-98A7-08285EDD64DB}
		{BC420908-8A29-4EFC-A4BB-257B5CF66ADB} = {83B36DF5-6F4C-4213-98A7-08285EDD64DB}
		{3EC8B3C6-9CBF-4B66-A4F5-6CAC416D181F} = {2E503FDC-08F7-4737-A399-4A7D3E7621A0}
		{7C2FFA66-9269-40B6-8B6A-A7CD436DBAC1} = {83B36DF5-6F4C-4213-98A7-08285EDD64DB}
		{F426EF44-B061-41AB-A0D6-FABE74BF2F65} = {2E503FDC-08F7-4737-A399-4A7D3E7621A0}
		{640F9620-FACC-4672-AA64-0B8136C5BF80} = {2E503FDC-08F7-4737-A399-4A7D3E7621A0}
		{F9F3FA36-8F9B-41C2-9038-6F34F2168B2E} = {83B36DF5-6F4C-4213-98A7-08285EDD64DB}
		{5FD4D6EA-5823-4B0D-91E5-8ED558927C2F} = {2E503FDC-08F7-4737-A399-4A7D3E7621A0}
		{9AD83645-3CC4-40D6-918E-224A0100C724} = {2E503FDC-08F7-4737-A399-4A7D3E7621A0}
		{1C035175-534C-48D3-BEF4-F0305857EB6C} = {2E503FDC-08F7-4737-A399-4A7D3E7621A0}
		{651F5FA4-FB91-4627-B24D-3043174364AA} = {83B36DF5-6F4C-4213-98A7-08285EDD64DB}
		{29E1B604-BD72-4FC7-9048-73F5AB1BB8B2} = {2E503FDC-08F7-4737-A399-4A7D3E7621A0}
		{1C351EED-0853-4A3F-AA3F-80E33F4BEA85} = {2E503FDC-08F7-4737-A399-4A7D3E7621A0}
		{38939CBC-571B-4BB5-B8DB-A6B4D91CCBAF} = {2E503FDC-08F7-4737-A399-4A7D3E7621A0}
		{B9F15C3A-4BC0-429F-B34A-786FBB3C5AF6} = {2E503FDC-08F7-4737-A399-4A7D3E7621A0}
		{F13F9A8F-4EA3-45DA-8F84-DEA1C07C80A2} = {2E503FDC-08F7-4737-A399-4A7D3E7621A0}
		{DFCD8286-AC0A-4649-9C75-62580D024DF1} = {2E503FDC-08F7-4737-A399-4A7D3E7621A0}
		{C123A185-7D67-4B29-8E6E-FAA06E81F187} = {2E503FDC-08F7-4737-A399-4A7D3E7621A0}
		{F31A7EC8-6263-4447-8A2B-4A670C911E02} = {2E503FDC-08F7-4737-A399-4A7D3E7621A0}
		{A2BAC8D4-EF64-424F-B759-404B22336DE8} = {2E503FDC-08F7-4737-A399-4A7D3E7621A0}
		{BB9F50FC-2D0B-45A5-8879-A04BD33E4833} = {2E503FDC-08F7-4737-A399-4A7D3E7621A0}
		{D5A706E8-E7AD-4E29-9FAE-6896686E3847} = {83B36DF5-6F4C-4213-98A7-08285EDD64DB}
		{F3A3CF0F-7792-4C59-841D-D0BF518E41C6} = {83B36DF5-6F4C-4213-98A7-08285EDD64DB}
		{0C5AE329-8BC6-4A1E-9BEE-0F27AEBF3AF8} = {2E503FDC-08F7-4737-A399-4A7D3E7621A0}
		{5AC85F71-B37A-4BE8-A0CE-54BD85DF84CC} = {2E503FDC-08F7-4737-A399-4A7D3E7621A0}
		{374A0A7A-7897-2027-42BC-7FEAF0E3C35E} = {83B36DF5-6F4C-4213-98A7-08285EDD64DB}
		{E392A233-F39E-4A24-AF52-CE18966EEF89} = {2E503FDC-08F7-4737-A399-4A7D3E7621A0}
		{9B96EC94-4EA7-455B-A4A7-2D0229CFCE58} = {2E503FDC-08F7-4737-A399-4A7D3E7621A0}
		{842EAC1C-CD8F-4EBC-B2D9-72EE49F5D84B} = {2E503FDC-08F7-4737-A399-4A7D3E7621A0}
		{7C2184CE-73C5-4DDC-9883-0051455BAA6C} = {2E503FDC-08F7-4737-A399-4A7D3E7621A0}
	EndGlobalSection
EndGlobal
